
Microsoft Visual Studio Solution File, Format Version 12.00
# Visual Studio Version 17
VisualStudioVersion = 17.2.32505.173
MinimumVisualStudioVersion = 10.0.40219.1
Project("{FAE04EC0-301F-11D3-BF4B-00C04F79EFBC}") = "MessageAPI", "MessageAPI\MessageAPI.csproj", "{5856C1F9-E284-4D8D-843C-F6B4FAE52F89}"
EndProject
Global
	GlobalSection(SolutionConfigurationPlatforms) = preSolution
		Debug|Any CPU = Debug|Any CPU
		Release|Any CPU = Release|Any CPU
	EndGlobalSection
	GlobalSection(ProjectConfigurationPlatforms) = postSolution
		{5856C1F9-E284-4D8D-843C-F6B4FAE52F89}.Debug|Any CPU.ActiveCfg = Debug|Any CPU
		{5856C1F9-E284-4D8D-843C-F6B4FAE52F89}.Debug|Any CPU.Build.0 = Debug|Any CPU
		{5856C1F9-E284-4D8D-843C-F6B4FAE52F89}.Release|Any CPU.ActiveCfg = Release|Any CPU
		{5856C1F9-E284-4D8D-843C-F6B4FAE52F89}.Release|Any CPU.Build.0 = Release|Any CPU
	EndGlobalSection
	GlobalSection(SolutionProperties) = preSolution
		HideSolutionNode = FALSE
	EndGlobalSection
	GlobalSection(ExtensibilityGlobals) = postSolution
		SolutionGuid = {339F79C0-D357-4C43-912B-E549F26ED21E}
	EndGlobalSection
EndGlobal
